// !$*UTF8*$!
{
	archiveVersion = 1;
	classes = {
	};
	objectVersion = 46;
	objects = {

/* Begin PBXBuildFile section */
		62903F3D165200CD0001075F /* UIKit.framework in Frameworks */ = {isa = PBXBuildFile; fileRef = 62903F3C165200CD0001075F /* UIKit.framework */; };
		62903F3F165200CD0001075F /* Foundation.framework in Frameworks */ = {isa = PBXBuildFile; fileRef = 62903F3E165200CD0001075F /* Foundation.framework */; };
		62903F41165200CD0001075F /* CoreGraphics.framework in Frameworks */ = {isa = PBXBuildFile; fileRef = 62903F40165200CD0001075F /* CoreGraphics.framework */; };
		62903F47165200CD0001075F /* InfoPlist.strings in Resources */ = {isa = PBXBuildFile; fileRef = 62903F45165200CD0001075F /* InfoPlist.strings */; };
		62903F49165200CD0001075F /* main.m in Sources */ = {isa = PBXBuildFile; fileRef = 62903F48165200CD0001075F /* main.m */; };
		62903F4D165200CD0001075F /* PRPAppDelegate.m in Sources */ = {isa = PBXBuildFile; fileRef = 62903F4C165200CD0001075F /* PRPAppDelegate.m */; };
		62903F4F165200CD0001075F /* Default.png in Resources */ = {isa = PBXBuildFile; fileRef = 62903F4E165200CD0001075F /* Default.png */; };
		62903F51165200CD0001075F /* Default@2x.png in Resources */ = {isa = PBXBuildFile; fileRef = 62903F50165200CD0001075F /* Default@2x.png */; };
		62903F53165200CD0001075F /* Default-568h@2x.png in Resources */ = {isa = PBXBuildFile; fileRef = 62903F52165200CD0001075F /* Default-568h@2x.png */; };
		62903F56165200CD0001075F /* PRPViewController.m in Sources */ = {isa = PBXBuildFile; fileRef = 62903F55165200CD0001075F /* PRPViewController.m */; };
		62903F59165200CD0001075F /* PRPViewController.xib in Resources */ = {isa = PBXBuildFile; fileRef = 62903F57165200CD0001075F /* PRPViewController.xib */; };
/* End PBXBuildFile section */

/* Begin PBXFileReference section */
		62903F38165200CD0001075F /* PRPFirstProjectTweeter.app */ = {isa = PBXFileReference; explicitFileType = wrapper.application; includeInIndex = 0; path = PRPFirstProjectTweeter.app; sourceTree = BUILT_PRODUCTS_DIR; };
		62903F3C165200CD0001075F /* UIKit.framework */ = {isa = PBXFileReference; lastKnownFileType = wrapper.framework; name = UIKit.framework; path = System/Library/Frameworks/UIKit.framework; sourceTree = SDKROOT; };
		62903F3E165200CD0001075F /* Foundation.framework */ = {isa = PBXFileReference; lastKnownFileType = wrapper.framework; name = Foundation.framework; path = System/Library/Frameworks/Foundation.framework; sourceTree = SDKROOT; };
		62903F40165200CD0001075F /* CoreGraphics.framework */ = {isa = PBXFileReference; lastKnownFileType = wrapper.framework; name = CoreGraphics.framework; path = System/Library/Frameworks/CoreGraphics.framework; sourceTree = SDKROOT; };
		62903F44165200CD0001075F /* PRPFirstProjectTweeter-Info.plist */ = {isa = PBXFileReference; lastKnownFileType = text.plist.xml; path = "PRPFirstProjectTweeter-Info.plist"; sourceTree = "<group>"; };
		62903F46165200CD0001075F /* en */ = {isa = PBXFileReference; lastKnownFileType = text.plist.strings; name = en; path = en.lproj/InfoPlist.strings; sourceTree = "<group>"; };
		62903F48165200CD0001075F /* main.m */ = {isa = PBXFileReference; lastKnownFileType = sourcecode.c.objc; path = main.m; sourceTree = "<group>"; };
		62903F4A165200CD0001075F /* PRPFirstProjectTweeter-Prefix.pch */ = {isa = PBXFileReference; lastKnownFileType = sourcecode.c.h; path = "PRPFirstProjectTweeter-Prefix.pch"; sourceTree = "<group>"; };
		62903F4B165200CD0001075F /* PRPAppDelegate.h */ = {isa = PBXFileReference; lastKnownFileType = sourcecode.c.h; path = PRPAppDelegate.h; sourceTree = "<group>"; };
		62903F4C165200CD0001075F /* PRPAppDelegate.m */ = {isa = PBXFileReference; lastKnownFileType = sourcecode.c.objc; path = PRPAppDelegate.m; sourceTree = "<group>"; };
		62903F4E165200CD0001075F /* Default.png */ = {isa = PBXFileReference; lastKnownFileType = image.png; path = Default.png; sourceTree = "<group>"; };
		62903F50165200CD0001075F /* Default@2x.png */ = {isa = PBXFileReference; lastKnownFileType = image.png; path = "Default@2x.png"; sourceTree = "<group>"; };
		62903F52165200CD0001075F /* Default-568h@2x.png */ = {isa = PBXFileReference; lastKnownFileType = image.png; path = "Default-568h@2x.png"; sourceTree = "<group>"; };
		62903F54165200CD0001075F /* PRPViewController.h */ = {isa = PBXFileReference; lastKnownFileType = sourcecode.c.h; path = PRPViewController.h; sourceTree = "<group>"; };
		62903F55165200CD0001075F /* PRPViewController.m */ = {isa = PBXFileReference; lastKnownFileType = sourcecode.c.objc; path = PRPViewController.m; sourceTree = "<group>"; };
		62903F58165200CD0001075F /* en */ = {isa = PBXFileReference; lastKnownFileType = file.xib; name = en; path = en.lproj/PRPViewController.xib; sourceTree = "<group>"; };
/* End PBXFileReference section */

/* Begin PBXFrameworksBuildPhase section */
		62903F35165200CD0001075F /* Frameworks */ = {
			isa = PBXFrameworksBuildPhase;
			buildActionMask = 2147483647;
			files = (
				62903F3D165200CD0001075F /* UIKit.framework in Frameworks */,
				62903F3F165200CD0001075F /* Foundation.framework in Frameworks */,
				62903F41165200CD0001075F /* CoreGraphics.framework in Frameworks */,
			);
			runOnlyForDeploymentPostprocessing = 0;
		};
/* End PBXFrameworksBuildPhase section */

/* Begin PBXGroup section */
		62903F2D165200CD0001075F = {
			isa = PBXGroup;
			children = (
				62903F42165200CD0001075F /* PRPFirstProjectTweeter */,
				62903F3B165200CD0001075F /* Frameworks */,
				62903F39165200CD0001075F /* Products */,
			);
			sourceTree = "<group>";
		};
		62903F39165200CD0001075F /* Products */ = {
			isa = PBXGroup;
			children = (
				62903F38165200CD0001075F /* PRPFirstProjectTweeter.app */,
			);
			name = Products;
			sourceTree = "<group>";
		};
		62903F3B165200CD0001075F /* Frameworks */ = {
			isa = PBXGroup;
			children = (
				62903F3C165200CD0001075F /* UIKit.framework */,
				62903F3E165200CD0001075F /* Foundation.framework */,
				62903F40165200CD0001075F /* CoreGraphics.framework */,
			);
			name = Frameworks;
			sourceTree = "<group>";
		};
		62903F42165200CD0001075F /* PRPFirstProjectTweeter */ = {
			isa = PBXGroup;
			children = (
				62903F4B165200CD0001075F /* PRPAppDelegate.h */,
				62903F4C165200CD0001075F /* PRPAppDelegate.m */,
				62903F54165200CD0001075F /* PRPViewController.h */,
				62903F55165200CD0001075F /* PRPViewController.m */,
				62903F57165200CD0001075F /* PRPViewController.xib */,
				62903F43165200CD0001075F /* Supporting Files */,
			);
			path = PRPFirstProjectTweeter;
			sourceTree = "<group>";
		};
		62903F43165200CD0001075F /* Supporting Files */ = {
			isa = PBXGroup;
			children = (
				62903F44165200CD0001075F /* PRPFirstProjectTweeter-Info.plist */,
				62903F45165200CD0001075F /* InfoPlist.strings */,
				62903F48165200CD0001075F /* main.m */,
				62903F4A165200CD0001075F /* PRPFirstProjectTweeter-Prefix.pch */,
				62903F4E165200CD0001075F /* Default.png */,
				62903F50165200CD0001075F /* Default@2x.png */,
				62903F52165200CD0001075F /* Default-568h@2x.png */,
			);
			name = "Supporting Files";
			sourceTree = "<group>";
		};
/* End PBXGroup section */

/* Begin PBXNativeTarget section */
		62903F37165200CD0001075F /* PRPFirstProjectTweeter */ = {
			isa = PBXNativeTarget;
			buildConfigurationList = 62903F5C165200CD0001075F /* Build configuration list for PBXNativeTarget "PRPFirstProjectTweeter" */;
			buildPhases = (
				62903F34165200CD0001075F /* Sources */,
				62903F35165200CD0001075F /* Frameworks */,
				62903F36165200CD0001075F /* Resources */,
			);
			buildRules = (
			);
			dependencies = (
			);
			name = PRPFirstProjectTweeter;
			productName = PRPFirstProjectTweeter;
			productReference = 62903F38165200CD0001075F /* PRPFirstProjectTweeter.app */;
			productType = "com.apple.product-type.application";
		};
/* End PBXNativeTarget section */

/* Begin PBXProject section */
		62903F2F165200CD0001075F /* Project object */ = {
			isa = PBXProject;
			attributes = {
				CLASSPREFIX = PRP;
				LastUpgradeCheck = 0450;
				ORGANIZATIONNAME = "Roberto Rivera";
			};
			buildConfigurationList = 62903F32165200CD0001075F /* Build configuration list for PBXProject "PRPFirstProjectTweeter" */;
			compatibilityVersion = "Xcode 3.2";
			developmentRegion = English;
			hasScannedForEncodings = 0;
			knownRegions = (
				en,
			);
			mainGroup = 62903F2D165200CD0001075F;
			productRefGroup = 62903F39165200CD0001075F /* Products */;
			projectDirPath = "";
			projectRoot = "";
			targets = (
				62903F37165200CD0001075F /* PRPFirstProjectTweeter */,
			);
		};
/* End PBXProject section */

/* Begin PBXResourcesBuildPhase section */
		62903F36165200CD0001075F /* Resources */ = {
			isa = PBXResourcesBuildPhase;
			buildActionMask = 2147483647;
			files = (
				62903F47165200CD0001075F /* InfoPlist.strings in Resources */,
				62903F4F165200CD0001075F /* Default.png in Resources */,
				62903F51165200CD0001075F /* Default@2x.png in Resources */,
				62903F53165200CD0001075F /* Default-568h@2x.png in Resources */,
				62903F59165200CD0001075F /* PRPViewController.xib in Resources */,
			);
			runOnlyForDeploymentPostprocessing = 0;
		};
/* End PBXResourcesBuildPhase section */

/* Begin PBXSourcesBuildPhase section */
		62903F34165200CD0001075F /* Sources */ = {
			isa = PBXSourcesBuildPhase;
			buildActionMask = 2147483647;
			files = (
				62903F49165200CD0001075F /* main.m in Sources */,
				62903F4D165200CD0001075F /* PRPAppDelegate.m in Sources */,
				62903F56165200CD0001075F /* PRPViewController.m in Sources */,
			);
			runOnlyForDeploymentPostprocessing = 0;
		};
/* End PBXSourcesBuildPhase section */

/* Begin PBXVariantGroup section */
		62903F45165200CD0001075F /* InfoPlist.strings */ = {
			isa = PBXVariantGroup;
			children = (
				62903F46165200CD0001075F /* en */,
			);
			name = InfoPlist.strings;
			sourceTree = "<group>";
		};
		62903F57165200CD0001075F /* PRPViewController.xib */ = {
			isa = PBXVariantGroup;
			children = (
				62903F58165200CD0001075F /* en */,
			);
			name = PRPViewController.xib;
			sourceTree = "<group>";
		};
/* End PBXVariantGroup section */

/* Begin XCBuildConfiguration section */
		62903F5A165200CD0001075F /* Debug */ = {
			isa = XCBuildConfiguration;
			buildSettings = {
				ALWAYS_SEARCH_USER_PATHS = NO;
				CLANG_CXX_LANGUAGE_STANDARD = "gnu++0x";
				CLANG_CXX_LIBRARY = "libc++";
				CLANG_ENABLE_OBJC_ARC = YES;
				CLANG_WARN_EMPTY_BODY = YES;
				CLANG_WARN__DUPLICATE_METHOD_MATCH = YES;
				"CODE_SIGN_IDENTITY[sdk=iphoneos*]" = "iPhone Developer";
				COPY_PHASE_STRIP = NO;
				GCC_C_LANGUAGE_STANDARD = gnu99;
				GCC_DYNAMIC_NO_PIC = NO;
				GCC_OPTIMIZATION_LEVEL = 0;
				GCC_PREPROCESSOR_DEFINITIONS = (
					"DEBUG=1",
					"$(inherited)",
				);
				GCC_SYMBOLS_PRIVATE_EXTERN = NO;
				GCC_WARN_ABOUT_RETURN_TYPE = YES;
				GCC_WARN_UNINITIALIZED_AUTOS = YES;
				GCC_WARN_UNUSED_VARIABLE = YES;
				IPHONEOS_DEPLOYMENT_TARGET = 6.0;
				ONLY_ACTIVE_ARCH = YES;
				SDKROOT = iphoneos;
			};
			name = Debug;
		};
		62903F5B165200CD0001075F /* Release */ = {
			isa = XCBuildConfiguration;
			buildSettings = {
				ALWAYS_SEARCH_USER_PATHS = NO;
				CLANG_CXX_LANGUAGE_STANDARD = "gnu++0x";
				CLANG_CXX_LIBRARY = "libc++";
				CLANG_ENABLE_OBJC_ARC = YES;
				CLANG_WARN_EMPTY_BODY = YES;
				CLANG_WARN__DUPLICATE_METHOD_MATCH = YES;
				"CODE_SIGN_IDENTITY[sdk=iphoneos*]" = "iPhone Developer";
				COPY_PHASE_STRIP = YES;
				GCC_C_LANGUAGE_STANDARD = gnu99;
				GCC_WARN_ABOUT_RETURN_TYPE = YES;
				GCC_WARN_UNINITIALIZED_AUTOS = YES;
				GCC_WARN_UNUSED_VARIABLE = YES;
				IPHONEOS_DEPLOYMENT_TARGET = 6.0;
				OTHER_CFLAGS = "-DNS_BLOCK_ASSERTIONS=1";
				SDKROOT = iphoneos;
				VALIDATE_PRODUCT = YES;
			};
			name = Release;
		};
		62903F5D165200CD0001075F /* Debug */ = {
			isa = XCBuildConfiguration;
			buildSettings = {
				GCC_PRECOMPILE_PREFIX_HEADER = YES;
				GCC_PREFIX_HEADER = "PRPFirstProjectTweeter/PRPFirstProjectTweeter-Prefix.pch";
				INFOPLIST_FILE = "PRPFirstProjectTweeter/PRPFirstProjectTweeter-Info.plist";
				PRODUCT_NAME = "$(TARGET_NAME)";
				WRAPPER_EXTENSION = app;
			};
			name = Debug;
		};
		62903F5E165200CD0001075F /* Release */ = {
			isa = XCBuildConfiguration;
			buildSettings = {
				GCC_PRECOMPILE_PREFIX_HEADER = YES;
				GCC_PREFIX_HEADER = "PRPFirstProjectTweeter/PRPFirstProjectTweeter-Prefix.pch";
				INFOPLIST_FILE = "PRPFirstProjectTweeter/PRPFirstProjectTweeter-Info.plist";
				PRODUCT_NAME = "$(TARGET_NAME)";
				WRAPPER_EXTENSION = app;
			};
			name = Release;
		};
/* End XCBuildConfiguration section */

/* Begin XCConfigurationList section */
		62903F32165200CD0001075F /* Build configuration list for PBXProject "PRPFirstProjectTweeter" */ = {
			isa = XCConfigurationList;
			buildConfigurations = (
				62903F5A165200CD0001075F /* Debug */,
				62903F5B165200CD0001075F /* Release */,
			);
			defaultConfigurationIsVisible = 0;
			defaultConfigurationName = Release;
		};
		62903F5C165200CD0001075F /* Build configuration list for PBXNativeTarget "PRPFirstProjectTweeter" */ = {
			isa = XCConfigurationList;
			buildConfigurations = (
				62903F5D165200CD0001075F /* Debug */,
				62903F5E165200CD0001075F /* Release */,
			);
			defaultConfigurationIsVisible = 0;
		};
/* End XCConfigurationList section */
	};
	rootObject = 62903F2F165200CD0001075F /* Project object */;
}
